
Microsoft Visual Studio Solution File, Format Version 12.00
# Visual Studio 2013
VisualStudioVersion = 12.0.40121.0
MinimumVisualStudioVersion = 10.0.40219.1
Project("{FAE04EC0-301F-11D3-BF4B-00C04F79EFBC}") = "KarYab", "KarYab\KarYab.csproj", "{2CBD9873-6F69-44D3-B905-9D0BF9CCC537}"
EndProject
Project("{FAE04EC0-301F-11D3-BF4B-00C04F79EFBC}") = "KarYab.Tests", "KarYab.Tests\KarYab.Tests.csproj", "{46DDED5D-7FC1-4F05-82B4-460D8B29BB7A}"
EndProject
Global
	GlobalSection(SolutionConfigurationPlatforms) = preSolution
		Debug|Any CPU = Debug|Any CPU
		Release|Any CPU = Release|Any CPU
	EndGlobalSection
	GlobalSection(ProjectConfigurationPlatforms) = postSolution
		{2CBD9873-6F69-44D3-B905-9D0BF9CCC537}.Debug|Any CPU.ActiveCfg = Debug|Any CPU
		{2CBD9873-6F69-44D3-B905-9D0BF9CCC537}.Debug|Any CPU.Build.0 = Debug|Any CPU
		{2CBD9873-6F69-44D3-B905-9D0BF9CCC537}.Release|Any CPU.ActiveCfg = Release|Any CPU
		{2CBD9873-6F69-44D3-B905-9D0BF9CCC537}.Release|Any CPU.Build.0 = Release|Any CPU
		{46DDED5D-7FC1-4F05-82B4-460D8B29BB7A}.Debug|Any CPU.ActiveCfg = Debug|Any CPU
		{46DDED5D-7FC1-4F05-82B4-460D8B29BB7A}.Debug|Any CPU.Build.0 = Debug|Any CPU
		{46DDED5D-7FC1-4F05-82B4-460D8B29BB7A}.Release|Any CPU.ActiveCfg = Release|Any CPU
		{46DDED5D-7FC1-4F05-82B4-460D8B29BB7A}.Release|Any CPU.Build.0 = Release|Any CPU
	EndGlobalSection
	GlobalSection(SolutionProperties) = preSolution
		HideSolutionNode = FALSE
	EndGlobalSection
EndGlobal
